
Microsoft Visual Studio Solution File, Format Version 12.00
# Visual Studio 15
VisualStudioVersion = 15.0.27428.2002
MinimumVisualStudioVersion = 10.0.40219.1
Project("{FAE04EC0-301F-11D3-BF4B-00C04F79EFBC}") = "CodeForPractice", "CodeForPractice\CodeForPractice.csproj", "{280680CD-2F4D-4E62-87AC-27AB897125BA}"
EndProject
Project("{8BC9CEB8-8B4A-11D0-8D11-00A0C91BC942}") = "CodeForCppDll", "CodeForCppDll\CodeForCppDll.vcxproj", "{F62A86D1-CD08-4167-802A-319003338CAF}"
EndProject
Global
	GlobalSection(SolutionConfigurationPlatforms) = preSolution
		Debug|Any CPU = Debug|Any CPU
		Debug|x64 = Debug|x64
		Debug|x86 = Debug|x86
		Release|Any CPU = Release|Any CPU
		Release|x64 = Release|x64
		Release|x86 = Release|x86
	EndGlobalSection
	GlobalSection(ProjectConfigurationPlatforms) = postSolution
		{280680CD-2F4D-4E62-87AC-27AB897125BA}.Debug|Any CPU.ActiveCfg = Debug|Any CPU
		{280680CD-2F4D-4E62-87AC-27AB897125BA}.Debug|Any CPU.Build.0 = Debug|Any CPU
		{280680CD-2F4D-4E62-87AC-27AB897125BA}.Debug|x64.ActiveCfg = Debug|Any CPU
		{280680CD-2F4D-4E62-87AC-27AB897125BA}.Debug|x64.Build.0 = Debug|Any CPU
		{280680CD-2F4D-4E62-87AC-27AB897125BA}.Debug|x86.ActiveCfg = Debug|Any CPU
		{280680CD-2F4D-4E62-87AC-27AB897125BA}.Debug|x86.Build.0 = Debug|Any CPU
		{280680CD-2F4D-4E62-87AC-27AB897125BA}.Release|Any CPU.ActiveCfg = Release|Any CPU
		{280680CD-2F4D-4E62-87AC-27AB897125BA}.Release|Any CPU.Build.0 = Release|Any CPU
		{280680CD-2F4D-4E62-87AC-27AB897125BA}.Release|x64.ActiveCfg = Release|Any CPU
		{280680CD-2F4D-4E62-87AC-27AB897125BA}.Release|x64.Build.0 = Release|Any CPU
		{280680CD-2F4D-4E62-87AC-27AB897125BA}.Release|x86.ActiveCfg = Release|Any CPU
		{280680CD-2F4D-4E62-87AC-27AB897125BA}.Release|x86.Build.0 = Release|Any CPU
		{F62A86D1-CD08-4167-802A-319003338CAF}.Debug|Any CPU.ActiveCfg = Debug|Win32
		{F62A86D1-CD08-4167-802A-319003338CAF}.Debug|x64.ActiveCfg = Debug|x64
		{F62A86D1-CD08-4167-802A-319003338CAF}.Debug|x64.Build.0 = Debug|x64
		{F62A86D1-CD08-4167-802A-319003338CAF}.Debug|x86.ActiveCfg = Debug|Win32
		{F62A86D1-CD08-4167-802A-319003338CAF}.Debug|x86.Build.0 = Debug|Win32
		{F62A86D1-CD08-4167-802A-319003338CAF}.Release|Any CPU.ActiveCfg = Release|Win32
		{F62A86D1-CD08-4167-802A-319003338CAF}.Release|x64.ActiveCfg = Release|x64
		{F62A86D1-CD08-4167-802A-319003338CAF}.Release|x64.Build.0 = Release|x64
		{F62A86D1-CD08-4167-802A-319003338CAF}.Release|x86.ActiveCfg = Release|Win32
		{F62A86D1-CD08-4167-802A-319003338CAF}.Release|x86.Build.0 = Release|Win32
	EndGlobalSection
	GlobalSection(SolutionProperties) = preSolution
		HideSolutionNode = FALSE
	EndGlobalSection
	GlobalSection(ExtensibilityGlobals) = postSolution
		SolutionGuid = {B1D8CE68-EA12-495E-B9FA-673FC5D18F4C}
	EndGlobalSection
EndGlobal
